
Microsoft Visual Studio Solution File, Format Version 12.00
# Visual Studio Version 16
VisualStudioVersion = 16.0.31019.35
MinimumVisualStudioVersion = 10.0.40219.1
Project("{FAE04EC0-301F-11D3-BF4B-00C04F79EFBC}") = "Handson-03", "Handson-03\Handson-03.csproj", "{2E906BC8-81C1-43D5-9E9B-2D06AD76FDA8}"
EndProject
Global
	GlobalSection(SolutionConfigurationPlatforms) = preSolution
		Debug|Any CPU = Debug|Any CPU
		Release|Any CPU = Release|Any CPU
	EndGlobalSection
	GlobalSection(ProjectConfigurationPlatforms) = postSolution
		{2E906BC8-81C1-43D5-9E9B-2D06AD76FDA8}.Debug|Any CPU.ActiveCfg = Debug|Any CPU
		{2E906BC8-81C1-43D5-9E9B-2D06AD76FDA8}.Debug|Any CPU.Build.0 = Debug|Any CPU
		{2E906BC8-81C1-43D5-9E9B-2D06AD76FDA8}.Release|Any CPU.ActiveCfg = Release|Any CPU
		{2E906BC8-81C1-43D5-9E9B-2D06AD76FDA8}.Release|Any CPU.Build.0 = Release|Any CPU
	EndGlobalSection
	GlobalSection(SolutionProperties) = preSolution
		HideSolutionNode = FALSE
	EndGlobalSection
	GlobalSection(ExtensibilityGlobals) = postSolution
		SolutionGuid = {6B886533-72ED-4952-826D-FB96C7F39525}
	EndGlobalSection
EndGlobal
